// !$*UTF8*$!
{
	archiveVersion = 1;
	classes = {
	};
	objectVersion = 46;
	objects = {

/* Begin PBXBuildFile section */
		739BD0981FB007B000DC579C /* main.m in Sources */ = {isa = PBXBuildFile; fileRef = 739BD0971FB007B000DC579C /* main.m */; };
		739BD09B1FB007B000DC579C /* AppDelegate.m in Sources */ = {isa = PBXBuildFile; fileRef = 739BD09A1FB007B000DC579C /* AppDelegate.m */; };
		739BD09E1FB007B000DC579C /* ViewController.m in Sources */ = {isa = PBXBuildFile; fileRef = 739BD09D1FB007B000DC579C /* ViewController.m */; };
		739BD0A11FB007B000DC579C /* Main.storyboard in Resources */ = {isa = PBXBuildFile; fileRef = 739BD09F1FB007B000DC579C /* Main.storyboard */; };
		739BD0A31FB007B000DC579C /* Assets.xcassets in Resources */ = {isa = PBXBuildFile; fileRef = 739BD0A21FB007B000DC579C /* Assets.xcassets */; };
		739BD0A61FB007B000DC579C /* LaunchScreen.storyboard in Resources */ = {isa = PBXBuildFile; fileRef = 739BD0A41FB007B000DC579C /* LaunchScreen.storyboard */; };
		739BD0B11FB007B000DC579C /* OpenGLES_04_drawCubeTests.m in Sources */ = {isa = PBXBuildFile; fileRef = 739BD0B01FB007B000DC579C /* OpenGLES_04_drawCubeTests.m */; };
		739BD0BC1FB007B000DC579C /* OpenGLES_04_drawCubeUITests.m in Sources */ = {isa = PBXBuildFile; fileRef = 739BD0BB1FB007B000DC579C /* OpenGLES_04_drawCubeUITests.m */; };
		739BD0CF1FB007E900DC579C /* MyGLView.m in Sources */ = {isa = PBXBuildFile; fileRef = 739BD0CA1FB007E900DC579C /* MyGLView.m */; };
		739BD0D01FB007E900DC579C /* VertexShader.glsl in Resources */ = {isa = PBXBuildFile; fileRef = 739BD0CB1FB007E900DC579C /* VertexShader.glsl */; };
		739BD0D11FB007E900DC579C /* FragmentShader.glsl in Resources */ = {isa = PBXBuildFile; fileRef = 739BD0CC1FB007E900DC579C /* FragmentShader.glsl */; };
		739BD0D21FB007E900DC579C /* GLESUtils.m in Sources */ = {isa = PBXBuildFile; fileRef = 739BD0CE1FB007E900DC579C /* GLESUtils.m */; };
/* End PBXBuildFile section */

/* Begin PBXContainerItemProxy section */
		739BD0AD1FB007B000DC579C /* PBXContainerItemProxy */ = {
			isa = PBXContainerItemProxy;
			containerPortal = 739BD08B1FB007B000DC579C /* Project object */;
			proxyType = 1;
			remoteGlobalIDString = 739BD0921FB007B000DC579C;
			remoteInfo = "OpenGLES-04 drawCube";
		};
		739BD0B81FB007B000DC579C /* PBXContainerItemProxy */ = {
			isa = PBXContainerItemProxy;
			containerPortal = 739BD08B1FB007B000DC579C /* Project object */;
			proxyType = 1;
			remoteGlobalIDString = 739BD0921FB007B000DC579C;
			remoteInfo = "OpenGLES-04 drawCube";
		};
/* End PBXContainerItemProxy section */

/* Begin PBXFileReference section */
		739BD0931FB007B000DC579C /* OpenGLES-04 drawCube.app */ = {isa = PBXFileReference; explicitFileType = wrapper.application; includeInIndex = 0; path = "OpenGLES-04 drawCube.app"; sourceTree = BUILT_PRODUCTS_DIR; };
		739BD0971FB007B000DC579C /* main.m */ = {isa = PBXFileReference; lastKnownFileType = sourcecode.c.objc; path = main.m; sourceTree = "<group>"; };
		739BD0991FB007B000DC579C /* AppDelegate.h */ = {isa = PBXFileReference; lastKnownFileType = sourcecode.c.h; path = AppDelegate.h; sourceTree = "<group>"; };
		739BD09A1FB007B000DC579C /* AppDelegate.m */ = {isa = PBXFileReference; lastKnownFileType = sourcecode.c.objc; path = AppDelegate.m; sourceTree = "<group>"; };
		739BD09C1FB007B000DC579C /* ViewController.h */ = {isa = PBXFileReference; lastKnownFileType = sourcecode.c.h; path = ViewController.h; sourceTree = "<group>"; };
		739BD09D1FB007B000DC579C /* ViewController.m */ = {isa = PBXFileReference; lastKnownFileType = sourcecode.c.objc; path = ViewController.m; sourceTree = "<group>"; };
		739BD0A01FB007B000DC579C /* Base */ = {isa = PBXFileReference; lastKnownFileType = file.storyboard; name = Base; path = Base.lproj/Main.storyboard; sourceTree = "<group>"; };
		739BD0A21FB007B000DC579C /* Assets.xcassets */ = {isa = PBXFileReference; lastKnownFileType = folder.assetcatalog; path = Assets.xcassets; sourceTree = "<group>"; };
		739BD0A51FB007B000DC579C /* Base */ = {isa = PBXFileReference; lastKnownFileType = file.storyboard; name = Base; path = Base.lproj/LaunchScreen.storyboard; sourceTree = "<group>"; };
		739BD0A71FB007B000DC579C /* Info.plist */ = {isa = PBXFileReference; lastKnownFileType = text.plist.xml; path = Info.plist; sourceTree = "<group>"; };
		739BD0AC1FB007B000DC579C /* OpenGLES-04 drawCubeTests.xctest */ = {isa = PBXFileReference; explicitFileType = wrapper.cfbundle; includeInIndex = 0; path = "OpenGLES-04 drawCubeTests.xctest"; sourceTree = BUILT_PRODUCTS_DIR; };
		739BD0B01FB007B000DC579C /* OpenGLES_04_drawCubeTests.m */ = {isa = PBXFileReference; lastKnownFileType = sourcecode.c.objc; path = OpenGLES_04_drawCubeTests.m; sourceTree = "<group>"; };
		739BD0B21FB007B000DC579C /* Info.plist */ = {isa = PBXFileReference; lastKnownFileType = text.plist.xml; path = Info.plist; sourceTree = "<group>"; };
		739BD0B71FB007B000DC579C /* OpenGLES-04 drawCubeUITests.xctest */ = {isa = PBXFileReference; explicitFileType = wrapper.cfbundle; includeInIndex = 0; path = "OpenGLES-04 drawCubeUITests.xctest"; sourceTree = BUILT_PRODUCTS_DIR; };
		739BD0BB1FB007B000DC579C /* OpenGLES_04_drawCubeUITests.m */ = {isa = PBXFileReference; lastKnownFileType = sourcecode.c.objc; path = OpenGLES_04_drawCubeUITests.m; sourceTree = "<group>"; };
		739BD0BD1FB007B000DC579C /* Info.plist */ = {isa = PBXFileReference; lastKnownFileType = text.plist.xml; path = Info.plist; sourceTree = "<group>"; };
		739BD0C91FB007E900DC579C /* MyGLView.h */ = {isa = PBXFileReference; fileEncoding = 4; lastKnownFileType = sourcecode.c.h; path = MyGLView.h; sourceTree = "<group>"; };
		739BD0CA1FB007E900DC579C /* MyGLView.m */ = {isa = PBXFileReference; fileEncoding = 4; lastKnownFileType = sourcecode.c.objc; path = MyGLView.m; sourceTree = "<group>"; };
		739BD0CB1FB007E900DC579C /* VertexShader.glsl */ = {isa = PBXFileReference; fileEncoding = 4; lastKnownFileType = text; path = VertexShader.glsl; sourceTree = "<group>"; };
		739BD0CC1FB007E900DC579C /* FragmentShader.glsl */ = {isa = PBXFileReference; fileEncoding = 4; lastKnownFileType = text; path = FragmentShader.glsl; sourceTree = "<group>"; };
		739BD0CD1FB007E900DC579C /* GLESUtils.h */ = {isa = PBXFileReference; fileEncoding = 4; lastKnownFileType = sourcecode.c.h; path = GLESUtils.h; sourceTree = "<group>"; };
		739BD0CE1FB007E900DC579C /* GLESUtils.m */ = {isa = PBXFileReference; fileEncoding = 4; lastKnownFileType = sourcecode.c.objc; path = GLESUtils.m; sourceTree = "<group>"; };
/* End PBXFileReference section */

/* Begin PBXFrameworksBuildPhase section */
		739BD0901FB007B000DC579C /* Frameworks */ = {
			isa = PBXFrameworksBuildPhase;
			buildActionMask = 2147483647;
			files = (
			);
			runOnlyForDeploymentPostprocessing = 0;
		};
		739BD0A91FB007B000DC579C /* Frameworks */ = {
			isa = PBXFrameworksBuildPhase;
			buildActionMask = 2147483647;
			files = (
			);
			runOnlyForDeploymentPostprocessing = 0;
		};
		739BD0B41FB007B000DC579C /* Frameworks */ = {
			isa = PBXFrameworksBuildPhase;
			buildActionMask = 2147483647;
			files = (
			);
			runOnlyForDeploymentPostprocessing = 0;
		};
/* End PBXFrameworksBuildPhase section */

/* Begin PBXGroup section */
		739BD08A1FB007B000DC579C = {
			isa = PBXGroup;
			children = (
				739BD0951FB007B000DC579C /* OpenGLES-04 drawCube */,
				739BD0AF1FB007B000DC579C /* OpenGLES-04 drawCubeTests */,
				739BD0BA1FB007B000DC579C /* OpenGLES-04 drawCubeUITests */,
				739BD0941FB007B000DC579C /* Products */,
			);
			sourceTree = "<group>";
		};
		739BD0941FB007B000DC579C /* Products */ = {
			isa = PBXGroup;
			children = (
				739BD0931FB007B000DC579C /* OpenGLES-04 drawCube.app */,
				739BD0AC1FB007B000DC579C /* OpenGLES-04 drawCubeTests.xctest */,
				739BD0B71FB007B000DC579C /* OpenGLES-04 drawCubeUITests.xctest */,
			);
			name = Products;
			sourceTree = "<group>";
		};
		739BD0951FB007B000DC579C /* OpenGLES-04 drawCube */ = {
			isa = PBXGroup;
			children = (
				739BD0991FB007B000DC579C /* AppDelegate.h */,
				739BD09A1FB007B000DC579C /* AppDelegate.m */,
				739BD09C1FB007B000DC579C /* ViewController.h */,
				739BD09D1FB007B000DC579C /* ViewController.m */,
				739BD0C91FB007E900DC579C /* MyGLView.h */,
				739BD0CA1FB007E900DC579C /* MyGLView.m */,
				739BD0CB1FB007E900DC579C /* VertexShader.glsl */,
				739BD0CC1FB007E900DC579C /* FragmentShader.glsl */,
				739BD0CD1FB007E900DC579C /* GLESUtils.h */,
				739BD0CE1FB007E900DC579C /* GLESUtils.m */,
				739BD09F1FB007B000DC579C /* Main.storyboard */,
				739BD0A21FB007B000DC579C /* Assets.xcassets */,
				739BD0A41FB007B000DC579C /* LaunchScreen.storyboard */,
				739BD0A71FB007B000DC579C /* Info.plist */,
				739BD0961FB007B000DC579C /* Supporting Files */,
			);
			path = "OpenGLES-04 drawCube";
			sourceTree = "<group>";
		};
		739BD0961FB007B000DC579C /* Supporting Files */ = {
			isa = PBXGroup;
			children = (
				739BD0971FB007B000DC579C /* main.m */,
			);
			name = "Supporting Files";
			sourceTree = "<group>";
		};
		739BD0AF1FB007B000DC579C /* OpenGLES-04 drawCubeTests */ = {
			isa = PBXGroup;
			children = (
				739BD0B01FB007B000DC579C /* OpenGLES_04_drawCubeTests.m */,
				739BD0B21FB007B000DC579C /* Info.plist */,
			);
			path = "OpenGLES-04 drawCubeTests";
			sourceTree = "<group>";
		};
		739BD0BA1FB007B000DC579C /* OpenGLES-04 drawCubeUITests */ = {
			isa = PBXGroup;
			children = (
				739BD0BB1FB007B000DC579C /* OpenGLES_04_drawCubeUITests.m */,
				739BD0BD1FB007B000DC579C /* Info.plist */,
			);
			path = "OpenGLES-04 drawCubeUITests";
			sourceTree = "<group>";
		};
/* End PBXGroup section */

/* Begin PBXNativeTarget section */
		739BD0921FB007B000DC579C /* OpenGLES-04 drawCube */ = {
			isa = PBXNativeTarget;
			buildConfigurationList = 739BD0C01FB007B000DC579C /* Build configuration list for PBXNativeTarget "OpenGLES-04 drawCube" */;
			buildPhases = (
				739BD08F1FB007B000DC579C /* Sources */,
				739BD0901FB007B000DC579C /* Frameworks */,
				739BD0911FB007B000DC579C /* Resources */,
			);
			buildRules = (
			);
			dependencies = (
			);
			name = "OpenGLES-04 drawCube";
			productName = "OpenGLES-04 drawCube";
			productReference = 739BD0931FB007B000DC579C /* OpenGLES-04 drawCube.app */;
			productType = "com.apple.product-type.application";
		};
		739BD0AB1FB007B000DC579C /* OpenGLES-04 drawCubeTests */ = {
			isa = PBXNativeTarget;
			buildConfigurationList = 739BD0C31FB007B000DC579C /* Build configuration list for PBXNativeTarget "OpenGLES-04 drawCubeTests" */;
			buildPhases = (
				739BD0A81FB007B000DC579C /* Sources */,
				739BD0A91FB007B000DC579C /* Frameworks */,
				739BD0AA1FB007B000DC579C /* Resources */,
			);
			buildRules = (
			);
			dependencies = (
				739BD0AE1FB007B000DC579C /* PBXTargetDependency */,
			);
			name = "OpenGLES-04 drawCubeTests";
			productName = "OpenGLES-04 drawCubeTests";
			productReference = 739BD0AC1FB007B000DC579C /* OpenGLES-04 drawCubeTests.xctest */;
			productType = "com.apple.product-type.bundle.unit-test";
		};
		739BD0B61FB007B000DC579C /* OpenGLES-04 drawCubeUITests */ = {
			isa = PBXNativeTarget;
			buildConfigurationList = 739BD0C61FB007B000DC579C /* Build configuration list for PBXNativeTarget "OpenGLES-04 drawCubeUITests" */;
			buildPhases = (
				739BD0B31FB007B000DC579C /* Sources */,
				739BD0B41FB007B000DC579C /* Frameworks */,
				739BD0B51FB007B000DC579C /* Resources */,
			);
			buildRules = (
			);
			dependencies = (
				739BD0B91FB007B000DC579C /* PBXTargetDependency */,
			);
			name = "OpenGLES-04 drawCubeUITests";
			productName = "OpenGLES-04 drawCubeUITests";
			productReference = 739BD0B71FB007B000DC579C /* OpenGLES-04 drawCubeUITests.xctest */;
			productType = "com.apple.product-type.bundle.ui-testing";
		};
/* End PBXNativeTarget section */

/* Begin PBXProject section */
		739BD08B1FB007B000DC579C /* Project object */ = {
			isa = PBXProject;
			attributes = {
				LastUpgradeCheck = 0820;
				ORGANIZATIONNAME = shiyi.Li;
				TargetAttributes = {
					739BD0921FB007B000DC579C = {
						CreatedOnToolsVersion = 8.2.1;
						DevelopmentTeam = W422BU2CA4;
						ProvisioningStyle = Automatic;
					};
					739BD0AB1FB007B000DC579C = {
						CreatedOnToolsVersion = 8.2.1;
						DevelopmentTeam = W422BU2CA4;
						ProvisioningStyle = Automatic;
						TestTargetID = 739BD0921FB007B000DC579C;
					};
					739BD0B61FB007B000DC579C = {
						CreatedOnToolsVersion = 8.2.1;
						DevelopmentTeam = W422BU2CA4;
						ProvisioningStyle = Automatic;
						TestTargetID = 739BD0921FB007B000DC579C;
					};
				};
			};
			buildConfigurationList = 739BD08E1FB007B000DC579C /* Build configuration list for PBXProject "OpenGLES-04 drawCube" */;
			compatibilityVersion = "Xcode 3.2";
			developmentRegion = English;
			hasScannedForEncodings = 0;
			knownRegions = (
				en,
				Base,
			);
			mainGroup = 739BD08A1FB007B000DC579C;
			productRefGroup = 739BD0941FB007B000DC579C /* Products */;
			projectDirPath = "";
			projectRoot = "";
			targets = (
				739BD0921FB007B000DC579C /* OpenGLES-04 drawCube */,
				739BD0AB1FB007B000DC579C /* OpenGLES-04 drawCubeTests */,
				739BD0B61FB007B000DC579C /* OpenGLES-04 drawCubeUITests */,
			);
		};
/* End PBXProject section */

/* Begin PBXResourcesBuildPhase section */
		739BD0911FB007B000DC579C /* Resources */ = {
			isa = PBXResourcesBuildPhase;
			buildActionMask = 2147483647;
			files = (
				739BD0A61FB007B000DC579C /* LaunchScreen.storyboard in Resources */,
				739BD0A31FB007B000DC579C /* Assets.xcassets in Resources */,
				739BD0D01FB007E900DC579C /* VertexShader.glsl in Resources */,
				739BD0A11FB007B000DC579C /* Main.storyboard in Resources */,
				739BD0D11FB007E900DC579C /* FragmentShader.glsl in Resources */,
			);
			runOnlyForDeploymentPostprocessing = 0;
		};
		739BD0AA1FB007B000DC579C /* Resources */ = {
			isa = PBXResourcesBuildPhase;
			buildActionMask = 2147483647;
			files = (
			);
			runOnlyForDeploymentPostprocessing = 0;
		};
		739BD0B51FB007B000DC579C /* Resources */ = {
			isa = PBXResourcesBuildPhase;
			buildActionMask = 2147483647;
			files = (
			);
			runOnlyForDeploymentPostprocessing = 0;
		};
/* End PBXResourcesBuildPhase section */

/* Begin PBXSourcesBuildPhase section */
		739BD08F1FB007B000DC579C /* Sources */ = {
			isa = PBXSourcesBuildPhase;
			buildActionMask = 2147483647;
			files = (
				739BD09E1FB007B000DC579C /* ViewController.m in Sources */,
				739BD0CF1FB007E900DC579C /* MyGLView.m in Sources */,
				739BD0D21FB007E900DC579C /* GLESUtils.m in Sources */,
				739BD09B1FB007B000DC579C /* AppDelegate.m in Sources */,
				739BD0981FB007B000DC579C /* main.m in Sources */,
			);
			runOnlyForDeploymentPostprocessing = 0;
		};
		739BD0A81FB007B000DC579C /* Sources */ = {
			isa = PBXSourcesBuildPhase;
			buildActionMask = 2147483647;
			files = (
				739BD0B11FB007B000DC579C /* OpenGLES_04_drawCubeTests.m in Sources */,
			);
			runOnlyForDeploymentPostprocessing = 0;
		};
		739BD0B31FB007B000DC579C /* Sources */ = {
			isa = PBXSourcesBuildPhase;
			buildActionMask = 2147483647;
			files = (
				739BD0BC1FB007B000DC579C /* OpenGLES_04_drawCubeUITests.m in Sources */,
			);
			runOnlyForDeploymentPostprocessing = 0;
		};
/* End PBXSourcesBuildPhase section */

/* Begin PBXTargetDependency section */
		739BD0AE1FB007B000DC579C /* PBXTargetDependency */ = {
			isa = PBXTargetDependency;
			target = 739BD0921FB007B000DC579C /* OpenGLES-04 drawCube */;
			targetProxy = 739BD0AD1FB007B000DC579C /* PBXContainerItemProxy */;
		};
		739BD0B91FB007B000DC579C /* PBXTargetDependency */ = {
			isa = PBXTargetDependency;
			target = 739BD0921FB007B000DC579C /* OpenGLES-04 drawCube */;
			targetProxy = 739BD0B81FB007B000DC579C /* PBXContainerItemProxy */;
		};
/* End PBXTargetDependency section */

/* Begin PBXVariantGroup section */
		739BD09F1FB007B000DC579C /* Main.storyboard */ = {
			isa = PBXVariantGroup;
			children = (
				739BD0A01FB007B000DC579C /* Base */,
			);
			name = Main.storyboard;
			sourceTree = "<group>";
		};
		739BD0A41FB007B000DC579C /* LaunchScreen.storyboard */ = {
			isa = PBXVariantGroup;
			children = (
				739BD0A51FB007B000DC579C /* Base */,
			);
			name = LaunchScreen.storyboard;
			sourceTree = "<group>";
		};
/* End PBXVariantGroup section */

/* Begin XCBuildConfiguration section */
		739BD0BE1FB007B000DC579C /* Debug */ = {
			isa = XCBuildConfiguration;
			buildSettings = {
				ALWAYS_SEARCH_USER_PATHS = NO;
				CLANG_ANALYZER_NONNULL = YES;
				CLANG_CXX_LANGUAGE_STANDARD = "gnu++0x";
				CLANG_CXX_LIBRARY = "libc++";
				CLANG_ENABLE_MODULES = YES;
				CLANG_ENABLE_OBJC_ARC = YES;
				CLANG_WARN_BOOL_CONVERSION = YES;
				CLANG_WARN_CONSTANT_CONVERSION = YES;
				CLANG_WARN_DIRECT_OBJC_ISA_USAGE = YES_ERROR;
				CLANG_WARN_DOCUMENTATION_COMMENTS = YES;
				CLANG_WARN_EMPTY_BODY = YES;
				CLANG_WARN_ENUM_CONVERSION = YES;
				CLANG_WARN_INFINITE_RECURSION = YES;
				CLANG_WARN_INT_CONVERSION = YES;
				CLANG_WARN_OBJC_ROOT_CLASS = YES_ERROR;
				CLANG_WARN_SUSPICIOUS_MOVE = YES;
				CLANG_WARN_UNREACHABLE_CODE = YES;
				CLANG_WARN__DUPLICATE_METHOD_MATCH = YES;
				"CODE_SIGN_IDENTITY[sdk=iphoneos*]" = "iPhone Developer";
				COPY_PHASE_STRIP = NO;
				DEBUG_INFORMATION_FORMAT = dwarf;
				ENABLE_STRICT_OBJC_MSGSEND = YES;
				ENABLE_TESTABILITY = YES;
				GCC_C_LANGUAGE_STANDARD = gnu99;
				GCC_DYNAMIC_NO_PIC = NO;
				GCC_NO_COMMON_BLOCKS = YES;
				GCC_OPTIMIZATION_LEVEL = 0;
				GCC_PREPROCESSOR_DEFINITIONS = (
					"DEBUG=1",
					"$(inherited)",
				);
				GCC_WARN_64_TO_32_BIT_CONVERSION = YES;
				GCC_WARN_ABOUT_RETURN_TYPE = YES_ERROR;
				GCC_WARN_UNDECLARED_SELECTOR = YES;
				GCC_WARN_UNINITIALIZED_AUTOS = YES_AGGRESSIVE;
				GCC_WARN_UNUSED_FUNCTION = YES;
				GCC_WARN_UNUSED_VARIABLE = YES;
				IPHONEOS_DEPLOYMENT_TARGET = 10.2;
				MTL_ENABLE_DEBUG_INFO = YES;
				ONLY_ACTIVE_ARCH = YES;
				SDKROOT = iphoneos;
				TARGETED_DEVICE_FAMILY = "1,2";
			};
			name = Debug;
		};
		739BD0BF1FB007B000DC579C /* Release */ = {
			isa = XCBuildConfiguration;
			buildSettings = {
				ALWAYS_SEARCH_USER_PATHS = NO;
				CLANG_ANALYZER_NONNULL = YES;
				CLANG_CXX_LANGUAGE_STANDARD = "gnu++0x";
				CLANG_CXX_LIBRARY = "libc++";
				CLANG_ENABLE_MODULES = YES;
				CLANG_ENABLE_OBJC_ARC = YES;
				CLANG_WARN_BOOL_CONVERSION = YES;
				CLANG_WARN_CONSTANT_CONVERSION = YES;
				CLANG_WARN_DIRECT_OBJC_ISA_USAGE = YES_ERROR;
				CLANG_WARN_DOCUMENTATION_COMMENTS = YES;
				CLANG_WARN_EMPTY_BODY = YES;
				CLANG_WARN_ENUM_CONVERSION = YES;
				CLANG_WARN_INFINITE_RECURSION = YES;
				CLANG_WARN_INT_CONVERSION = YES;
				CLANG_WARN_OBJC_ROOT_CLASS = YES_ERROR;
				CLANG_WARN_SUSPICIOUS_MOVE = YES;
				CLANG_WARN_UNREACHABLE_CODE = YES;
				CLANG_WARN__DUPLICATE_METHOD_MATCH = YES;
				"CODE_SIGN_IDENTITY[sdk=iphoneos*]" = "iPhone Developer";
				COPY_PHASE_STRIP = NO;
				DEBUG_INFORMATION_FORMAT = "dwarf-with-dsym";
				ENABLE_NS_ASSERTIONS = NO;
				ENABLE_STRICT_OBJC_MSGSEND = YES;
				GCC_C_LANGUAGE_STANDARD = gnu99;
				GCC_NO_COMMON_BLOCKS = YES;
				GCC_WARN_64_TO_32_BIT_CONVERSION = YES;
				GCC_WARN_ABOUT_RETURN_TYPE = YES_ERROR;
				GCC_WARN_UNDECLARED_SELECTOR = YES;
				GCC_WARN_UNINITIALIZED_AUTOS = YES_AGGRESSIVE;
				GCC_WARN_UNUSED_FUNCTION = YES;
				GCC_WARN_UNUSED_VARIABLE = YES;
				IPHONEOS_DEPLOYMENT_TARGET = 10.2;
				MTL_ENABLE_DEBUG_INFO = NO;
				SDKROOT = iphoneos;
				TARGETED_DEVICE_FAMILY = "1,2";
				VALIDATE_PRODUCT = YES;
			};
			name = Release;
		};
		739BD0C11FB007B000DC579C /* Debug */ = {
			isa = XCBuildConfiguration;
			buildSettings = {
				ASSETCATALOG_COMPILER_APPICON_NAME = AppIcon;
				DEVELOPMENT_TEAM = W422BU2CA4;
				INFOPLIST_FILE = "OpenGLES-04 drawCube/Info.plist";
				LD_RUNPATH_SEARCH_PATHS = "$(inherited) @executable_path/Frameworks";
				PRODUCT_BUNDLE_IDENTIFIER = "com.innsmap.OpenGLES-04-drawCube";
				PRODUCT_NAME = "$(TARGET_NAME)";
			};
			name = Debug;
		};
		739BD0C21FB007B000DC579C /* Release */ = {
			isa = XCBuildConfiguration;
			buildSettings = {
				ASSETCATALOG_COMPILER_APPICON_NAME = AppIcon;
				DEVELOPMENT_TEAM = W422BU2CA4;
				INFOPLIST_FILE = "OpenGLES-04 drawCube/Info.plist";
				LD_RUNPATH_SEARCH_PATHS = "$(inherited) @executable_path/Frameworks";
				PRODUCT_BUNDLE_IDENTIFIER = "com.innsmap.OpenGLES-04-drawCube";
				PRODUCT_NAME = "$(TARGET_NAME)";
			};
			name = Release;
		};
		739BD0C41FB007B000DC579C /* Debug */ = {
			isa = XCBuildConfiguration;
			buildSettings = {
				BUNDLE_LOADER = "$(TEST_HOST)";
				DEVELOPMENT_TEAM = W422BU2CA4;
				INFOPLIST_FILE = "OpenGLES-04 drawCubeTests/Info.plist";
				LD_RUNPATH_SEARCH_PATHS = "$(inherited) @executable_path/Frameworks @loader_path/Frameworks";
				PRODUCT_BUNDLE_IDENTIFIER = "com.innsmap.OpenGLES-04-drawCubeTests";
				PRODUCT_NAME = "$(TARGET_NAME)";
				TEST_HOST = "$(BUILT_PRODUCTS_DIR)/OpenGLES-04 drawCube.app/OpenGLES-04 drawCube";
			};
			name = Debug;
		};
		739BD0C51FB007B000DC579C /* Release */ = {
			isa = XCBuildConfiguration;
			buildSettings = {
				BUNDLE_LOADER = "$(TEST_HOST)";
				DEVELOPMENT_TEAM = W422BU2CA4;
				INFOPLIST_FILE = "OpenGLES-04 drawCubeTests/Info.plist";
				LD_RUNPATH_SEARCH_PATHS = "$(inherited) @executable_path/Frameworks @loader_path/Frameworks";
				PRODUCT_BUNDLE_IDENTIFIER = "com.innsmap.OpenGLES-04-drawCubeTests";
				PRODUCT_NAME = "$(TARGET_NAME)";
				TEST_HOST = "$(BUILT_PRODUCTS_DIR)/OpenGLES-04 drawCube.app/OpenGLES-04 drawCube";
			};
			name = Release;
		};
		739BD0C71FB007B000DC579C /* Debug */ = {
			isa = XCBuildConfiguration;
			buildSettings = {
				DEVELOPMENT_TEAM = W422BU2CA4;
				INFOPLIST_FILE = "OpenGLES-04 drawCubeUITests/Info.plist";
				LD_RUNPATH_SEARCH_PATHS = "$(inherited) @executable_path/Frameworks @loader_path/Frameworks";
				PRODUCT_BUNDLE_IDENTIFIER = "com.innsmap.OpenGLES-04-drawCubeUITests";
				PRODUCT_NAME = "$(TARGET_NAME)";
				TEST_TARGET_NAME = "OpenGLES-04 drawCube";
			};
			name = Debug;
		};
		739BD0C81FB007B000DC579C /* Release */ = {
			isa = XCBuildConfiguration;
			buildSettings = {
				DEVELOPMENT_TEAM = W422BU2CA4;
				INFOPLIST_FILE = "OpenGLES-04 drawCubeUITests/Info.plist";
				LD_RUNPATH_SEARCH_PATHS = "$(inherited) @executable_path/Frameworks @loader_path/Frameworks";
				PRODUCT_BUNDLE_IDENTIFIER = "com.innsmap.OpenGLES-04-drawCubeUITests";
				PRODUCT_NAME = "$(TARGET_NAME)";
				TEST_TARGET_NAME = "OpenGLES-04 drawCube";
			};
			name = Release;
		};
/* End XCBuildConfiguration section */

/* Begin XCConfigurationList section */
		739BD08E1FB007B000DC579C /* Build configuration list for PBXProject "OpenGLES-04 drawCube" */ = {
			isa = XCConfigurationList;
			buildConfigurations = (
				739BD0BE1FB007B000DC579C /* Debug */,
				739BD0BF1FB007B000DC579C /* Release */,
			);
			defaultConfigurationIsVisible = 0;
			defaultConfigurationName = Release;
		};
		739BD0C01FB007B000DC579C /* Build configuration list for PBXNativeTarget "OpenGLES-04 drawCube" */ = {
			isa = XCConfigurationList;
			buildConfigurations = (
				739BD0C11FB007B000DC579C /* Debug */,
				739BD0C21FB007B000DC579C /* Release */,
			);
			defaultConfigurationIsVisible = 0;
		};
		739BD0C31FB007B000DC579C /* Build configuration list for PBXNativeTarget "OpenGLES-04 drawCubeTests" */ = {
			isa = XCConfigurationList;
			buildConfigurations = (
				739BD0C41FB007B000DC579C /* Debug */,
				739BD0C51FB007B000DC579C /* Release */,
			);
			defaultConfigurationIsVisible = 0;
		};
		739BD0C61FB007B000DC579C /* Build configuration list for PBXNativeTarget "OpenGLES-04 drawCubeUITests" */ = {
			isa = XCConfigurationList;
			buildConfigurations = (
				739BD0C71FB007B000DC579C /* Debug */,
				739BD0C81FB007B000DC579C /* Release */,
			);
			defaultConfigurationIsVisible = 0;
		};
/* End XCConfigurationList section */
	};
	rootObject = 739BD08B1FB007B000DC579C /* Project object */;
}
